// !$*UTF8*$!
{
	archiveVersion = 1;
	classes = {
	};
	objectVersion = 56;
	objects = {

/* Begin PBXBuildFile section */
		2DF8011129355EB8007F223C /* AppDelegate.swift in Sources */ = {isa = PBXBuildFile; fileRef = 2DF8011029355EB8007F223C /* AppDelegate.swift */; };
		2DF8011329355EB8007F223C /* SceneDelegate.swift in Sources */ = {isa = PBXBuildFile; fileRef = 2DF8011229355EB8007F223C /* SceneDelegate.swift */; };
		2DF8011529355EB8007F223C /* ViewController.swift in Sources */ = {isa = PBXBuildFile; fileRef = 2DF8011429355EB8007F223C /* ViewController.swift */; };
		2DF8011829355EB8007F223C /* Main.storyboard in Resources */ = {isa = PBXBuildFile; fileRef = 2DF8011629355EB8007F223C /* Main.storyboard */; };
		2DF8011A29355EB8007F223C /* Assets.xcassets in Resources */ = {isa = PBXBuildFile; fileRef = 2DF8011929355EB8007F223C /* Assets.xcassets */; };
		2DF8011D29355EB8007F223C /* LaunchScreen.storyboard in Resources */ = {isa = PBXBuildFile; fileRef = 2DF8011B29355EB8007F223C /* LaunchScreen.storyboard */; };
		2DF8012529357920007F223C /* ModalViewController.swift in Sources */ = {isa = PBXBuildFile; fileRef = 2DF8012429357920007F223C /* ModalViewController.swift */; };
		2DF801272935797A007F223C /* ShowViewController.swift in Sources */ = {isa = PBXBuildFile; fileRef = 2DF801262935797A007F223C /* ShowViewController.swift */; };
		2DF8012B29358ADB007F223C /* DinamicViewController.swift in Sources */ = {isa = PBXBuildFile; fileRef = 2DF8012A29358ADB007F223C /* DinamicViewController.swift */; };
		2DF8012D293590A1007F223C /* DataTableViewCell.swift in Sources */ = {isa = PBXBuildFile; fileRef = 2DF8012C293590A1007F223C /* DataTableViewCell.swift */; };
/* End PBXBuildFile section */

/* Begin PBXFileReference section */
		2DF8010D29355EB8007F223C /* SegundoProyecto.app */ = {isa = PBXFileReference; explicitFileType = wrapper.application; includeInIndex = 0; path = SegundoProyecto.app; sourceTree = BUILT_PRODUCTS_DIR; };
		2DF8011029355EB8007F223C /* AppDelegate.swift */ = {isa = PBXFileReference; lastKnownFileType = sourcecode.swift; path = AppDelegate.swift; sourceTree = "<group>"; };
		2DF8011229355EB8007F223C /* SceneDelegate.swift */ = {isa = PBXFileReference; lastKnownFileType = sourcecode.swift; path = SceneDelegate.swift; sourceTree = "<group>"; };
		2DF8011429355EB8007F223C /* ViewController.swift */ = {isa = PBXFileReference; lastKnownFileType = sourcecode.swift; path = ViewController.swift; sourceTree = "<group>"; };
		2DF8011729355EB8007F223C /* Base */ = {isa = PBXFileReference; lastKnownFileType = file.storyboard; name = Base; path = Base.lproj/Main.storyboard; sourceTree = "<group>"; };
		2DF8011929355EB8007F223C /* Assets.xcassets */ = {isa = PBXFileReference; lastKnownFileType = folder.assetcatalog; path = Assets.xcassets; sourceTree = "<group>"; };
		2DF8011C29355EB8007F223C /* Base */ = {isa = PBXFileReference; lastKnownFileType = file.storyboard; name = Base; path = Base.lproj/LaunchScreen.storyboard; sourceTree = "<group>"; };
		2DF8011E29355EB8007F223C /* Info.plist */ = {isa = PBXFileReference; lastKnownFileType = text.plist.xml; path = Info.plist; sourceTree = "<group>"; };
		2DF8012429357920007F223C /* ModalViewController.swift */ = {isa = PBXFileReference; lastKnownFileType = sourcecode.swift; path = ModalViewController.swift; sourceTree = "<group>"; };
		2DF801262935797A007F223C /* ShowViewController.swift */ = {isa = PBXFileReference; lastKnownFileType = sourcecode.swift; path = ShowViewController.swift; sourceTree = "<group>"; };
		2DF8012A29358ADB007F223C /* DinamicViewController.swift */ = {isa = PBXFileReference; lastKnownFileType = sourcecode.swift; path = DinamicViewController.swift; sourceTree = "<group>"; };
		2DF8012C293590A1007F223C /* DataTableViewCell.swift */ = {isa = PBXFileReference; lastKnownFileType = sourcecode.swift; path = DataTableViewCell.swift; sourceTree = "<group>"; };
/* End PBXFileReference section */

/* Begin PBXFrameworksBuildPhase section */
		2DF8010A29355EB8007F223C /* Frameworks */ = {
			isa = PBXFrameworksBuildPhase;
			buildActionMask = 2147483647;
			files = (
			);
			runOnlyForDeploymentPostprocessing = 0;
		};
/* End PBXFrameworksBuildPhase section */

/* Begin PBXGroup section */
		2DF8010429355EB8007F223C = {
			isa = PBXGroup;
			children = (
				2DF8010F29355EB8007F223C /* SegundoProyecto */,
				2DF8010E29355EB8007F223C /* Products */,
			);
			sourceTree = "<group>";
		};
		2DF8010E29355EB8007F223C /* Products */ = {
			isa = PBXGroup;
			children = (
				2DF8010D29355EB8007F223C /* SegundoProyecto.app */,
			);
			name = Products;
			sourceTree = "<group>";
		};
		2DF8010F29355EB8007F223C /* SegundoProyecto */ = {
			isa = PBXGroup;
			children = (
				2DF8011029355EB8007F223C /* AppDelegate.swift */,
				2DF8011229355EB8007F223C /* SceneDelegate.swift */,
				2DF8011429355EB8007F223C /* ViewController.swift */,
				2DF8012429357920007F223C /* ModalViewController.swift */,
				2DF801262935797A007F223C /* ShowViewController.swift */,
				2DF8012A29358ADB007F223C /* DinamicViewController.swift */,
				2DF8012C293590A1007F223C /* DataTableViewCell.swift */,
				2DF8011629355EB8007F223C /* Main.storyboard */,
				2DF8011929355EB8007F223C /* Assets.xcassets */,
				2DF8011B29355EB8007F223C /* LaunchScreen.storyboard */,
				2DF8011E29355EB8007F223C /* Info.plist */,
			);
			path = SegundoProyecto;
			sourceTree = "<group>";
		};
/* End PBXGroup section */

/* Begin PBXNativeTarget section */
		2DF8010C29355EB8007F223C /* SegundoProyecto */ = {
			isa = PBXNativeTarget;
			buildConfigurationList = 2DF8012129355EB8007F223C /* Build configuration list for PBXNativeTarget "SegundoProyecto" */;
			buildPhases = (
				2DF8010929355EB8007F223C /* Sources */,
				2DF8010A29355EB8007F223C /* Frameworks */,
				2DF8010B29355EB8007F223C /* Resources */,
			);
			buildRules = (
			);
			dependencies = (
			);
			name = SegundoProyecto;
			productName = SegundoProyecto;
			productReference = 2DF8010D29355EB8007F223C /* SegundoProyecto.app */;
			productType = "com.apple.product-type.application";
		};
/* End PBXNativeTarget section */

/* Begin PBXProject section */
		2DF8010529355EB8007F223C /* Project object */ = {
			isa = PBXProject;
			attributes = {
				BuildIndependentTargetsInParallel = 1;
				LastSwiftUpdateCheck = 1410;
				LastUpgradeCheck = 1410;
				TargetAttributes = {
					2DF8010C29355EB8007F223C = {
						CreatedOnToolsVersion = 14.1;
					};
				};
			};
			buildConfigurationList = 2DF8010829355EB8007F223C /* Build configuration list for PBXProject "SegundoProyecto" */;
			compatibilityVersion = "Xcode 14.0";
			developmentRegion = en;
			hasScannedForEncodings = 0;
			knownRegions = (
				en,
				Base,
			);
			mainGroup = 2DF8010429355EB8007F223C;
			productRefGroup = 2DF8010E29355EB8007F223C /* Products */;
			projectDirPath = "";
			projectRoot = "";
			targets = (
				2DF8010C29355EB8007F223C /* SegundoProyecto */,
			);
		};
/* End PBXProject section */

/* Begin PBXResourcesBuildPhase section */
		2DF8010B29355EB8007F223C /* Resources */ = {
			isa = PBXResourcesBuildPhase;
			buildActionMask = 2147483647;
			files = (
				2DF8011D29355EB8007F223C /* LaunchScreen.storyboard in Resources */,
				2DF8011A29355EB8007F223C /* Assets.xcassets in Resources */,
				2DF8011829355EB8007F223C /* Main.storyboard in Resources */,
			);
			runOnlyForDeploymentPostprocessing = 0;
		};
/* End PBXResourcesBuildPhase section */

/* Begin PBXSourcesBuildPhase section */
		2DF8010929355EB8007F223C /* Sources */ = {
			isa = PBXSourcesBuildPhase;
			buildActionMask = 2147483647;
			files = (
				2DF801272935797A007F223C /* ShowViewController.swift in Sources */,
				2DF8012529357920007F223C /* ModalViewController.swift in Sources */,
				2DF8011529355EB8007F223C /* ViewController.swift in Sources */,
				2DF8011129355EB8007F223C /* AppDelegate.swift in Sources */,
				2DF8012B29358ADB007F223C /* DinamicViewController.swift in Sources */,
				2DF8012D293590A1007F223C /* DataTableViewCell.swift in Sources */,
				2DF8011329355EB8007F223C /* SceneDelegate.swift in Sources */,
			);
			runOnlyForDeploymentPostprocessing = 0;
		};
/* End PBXSourcesBuildPhase section */

/* Begin PBXVariantGroup section */
		2DF8011629355EB8007F223C /* Main.storyboard */ = {
			isa = PBXVariantGroup;
			children = (
				2DF8011729355EB8007F223C /* Base */,
			);
			name = Main.storyboard;
			sourceTree = "<group>";
		};
		2DF8011B29355EB8007F223C /* LaunchScreen.storyboard */ = {
			isa = PBXVariantGroup;
			children = (
				2DF8011C29355EB8007F223C /* Base */,
			);
			name = LaunchScreen.storyboard;
			sourceTree = "<group>";
		};
/* End PBXVariantGroup section */

/* Begin XCBuildConfiguration section */
		2DF8011F29355EB8007F223C /* Debug */ = {
			isa = XCBuildConfiguration;
			buildSettings = {
				ALWAYS_SEARCH_USER_PATHS = NO;
				CLANG_ANALYZER_NONNULL = YES;
				CLANG_ANALYZER_NUMBER_OBJECT_CONVERSION = YES_AGGRESSIVE;
				CLANG_CXX_LANGUAGE_STANDARD = "gnu++20";
				CLANG_ENABLE_MODULES = YES;
				CLANG_ENABLE_OBJC_ARC = YES;
				CLANG_ENABLE_OBJC_WEAK = YES;
				CLANG_WARN_BLOCK_CAPTURE_AUTORELEASING = YES;
				CLANG_WARN_BOOL_CONVERSION = YES;
				CLANG_WARN_COMMA = YES;
				CLANG_WARN_CONSTANT_CONVERSION = YES;
				CLANG_WARN_DEPRECATED_OBJC_IMPLEMENTATIONS = YES;
				CLANG_WARN_DIRECT_OBJC_ISA_USAGE = YES_ERROR;
				CLANG_WARN_DOCUMENTATION_COMMENTS = YES;
				CLANG_WARN_EMPTY_BODY = YES;
				CLANG_WARN_ENUM_CONVERSION = YES;
				CLANG_WARN_INFINITE_RECURSION = YES;
				CLANG_WARN_INT_CONVERSION = YES;
				CLANG_WARN_NON_LITERAL_NULL_CONVERSION = YES;
				CLANG_WARN_OBJC_IMPLICIT_RETAIN_SELF = YES;
				CLANG_WARN_OBJC_LITERAL_CONVERSION = YES;
				CLANG_WARN_OBJC_ROOT_CLASS = YES_ERROR;
				CLANG_WARN_QUOTED_INCLUDE_IN_FRAMEWORK_HEADER = YES;
				CLANG_WARN_RANGE_LOOP_ANALYSIS = YES;
				CLANG_WARN_STRICT_PROTOTYPES = YES;
				CLANG_WARN_SUSPICIOUS_MOVE = YES;
				CLANG_WARN_UNGUARDED_AVAILABILITY = YES_AGGRESSIVE;
				CLANG_WARN_UNREACHABLE_CODE = YES;
				CLANG_WARN__DUPLICATE_METHOD_MATCH = YES;
				COPY_PHASE_STRIP = NO;
				DEBUG_INFORMATION_FORMAT = dwarf;
				ENABLE_STRICT_OBJC_MSGSEND = YES;
				ENABLE_TESTABILITY = YES;
				GCC_C_LANGUAGE_STANDARD = gnu11;
				GCC_DYNAMIC_NO_PIC = NO;
				GCC_NO_COMMON_BLOCKS = YES;
				GCC_OPTIMIZATION_LEVEL = 0;
				GCC_PREPROCESSOR_DEFINITIONS = (
					"DEBUG=1",
					"$(inherited)",
				);
				GCC_WARN_64_TO_32_BIT_CONVERSION = YES;
				GCC_WARN_ABOUT_RETURN_TYPE = YES_ERROR;
				GCC_WARN_UNDECLARED_SELECTOR = YES;
				GCC_WARN_UNINITIALIZED_AUTOS = YES_AGGRESSIVE;
				GCC_WARN_UNUSED_FUNCTION = YES;
				GCC_WARN_UNUSED_VARIABLE = YES;
				IPHONEOS_DEPLOYMENT_TARGET = 16.1;
				MTL_ENABLE_DEBUG_INFO = INCLUDE_SOURCE;
				MTL_FAST_MATH = YES;
				ONLY_ACTIVE_ARCH = YES;
				SDKROOT = iphoneos;
				SWIFT_ACTIVE_COMPILATION_CONDITIONS = DEBUG;
				SWIFT_OPTIMIZATION_LEVEL = "-Onone";
			};
			name = Debug;
		};
		2DF8012029355EB8007F223C /* Release */ = {
			isa = XCBuildConfiguration;
			buildSettings = {
				ALWAYS_SEARCH_USER_PATHS = NO;
				CLANG_ANALYZER_NONNULL = YES;
				CLANG_ANALYZER_NUMBER_OBJECT_CONVERSION = YES_AGGRESSIVE;
				CLANG_CXX_LANGUAGE_STANDARD = "gnu++20";
				CLANG_ENABLE_MODULES = YES;
				CLANG_ENABLE_OBJC_ARC = YES;
				CLANG_ENABLE_OBJC_WEAK = YES;
				CLANG_WARN_BLOCK_CAPTURE_AUTORELEASING = YES;
				CLANG_WARN_BOOL_CONVERSION = YES;
				CLANG_WARN_COMMA = YES;
				CLANG_WARN_CONSTANT_CONVERSION = YES;
				CLANG_WARN_DEPRECATED_OBJC_IMPLEMENTATIONS = YES;
				CLANG_WARN_DIRECT_OBJC_ISA_USAGE = YES_ERROR;
				CLANG_WARN_DOCUMENTATION_COMMENTS = YES;
				CLANG_WARN_EMPTY_BODY = YES;
				CLANG_WARN_ENUM_CONVERSION = YES;
				CLANG_WARN_INFINITE_RECURSION = YES;
				CLANG_WARN_INT_CONVERSION = YES;
				CLANG_WARN_NON_LITERAL_NULL_CONVERSION = YES;
				CLANG_WARN_OBJC_IMPLICIT_RETAIN_SELF = YES;
				CLANG_WARN_OBJC_LITERAL_CONVERSION = YES;
				CLANG_WARN_OBJC_ROOT_CLASS = YES_ERROR;
				CLANG_WARN_QUOTED_INCLUDE_IN_FRAMEWORK_HEADER = YES;
				CLANG_WARN_RANGE_LOOP_ANALYSIS = YES;
				CLANG_WARN_STRICT_PROTOTYPES = YES;
				CLANG_WARN_SUSPICIOUS_MOVE = YES;
				CLANG_WARN_UNGUARDED_AVAILABILITY = YES_AGGRESSIVE;
				CLANG_WARN_UNREACHABLE_CODE = YES;
				CLANG_WARN__DUPLICATE_METHOD_MATCH = YES;
				COPY_PHASE_STRIP = NO;
				DEBUG_INFORMATION_FORMAT = "dwarf-with-dsym";
				ENABLE_NS_ASSERTIONS = NO;
				ENABLE_STRICT_OBJC_MSGSEND = YES;
				GCC_C_LANGUAGE_STANDARD = gnu11;
				GCC_NO_COMMON_BLOCKS = YES;
				GCC_WARN_64_TO_32_BIT_CONVERSION = YES;
				GCC_WARN_ABOUT_RETURN_TYPE = YES_ERROR;
				GCC_WARN_UNDECLARED_SELECTOR = YES;
				GCC_WARN_UNINITIALIZED_AUTOS = YES_AGGRESSIVE;
				GCC_WARN_UNUSED_FUNCTION = YES;
				GCC_WARN_UNUSED_VARIABLE = YES;
				IPHONEOS_DEPLOYMENT_TARGET = 16.1;
				MTL_ENABLE_DEBUG_INFO = NO;
				MTL_FAST_MATH = YES;
				SDKROOT = iphoneos;
				SWIFT_COMPILATION_MODE = wholemodule;
				SWIFT_OPTIMIZATION_LEVEL = "-O";
				VALIDATE_PRODUCT = YES;
			};
			name = Release;
		};
		2DF8012229355EB8007F223C /* Debug */ = {
			isa = XCBuildConfiguration;
			buildSettings = {
				ASSETCATALOG_COMPILER_APPICON_NAME = AppIcon;
				ASSETCATALOG_COMPILER_GLOBAL_ACCENT_COLOR_NAME = AccentColor;
				CODE_SIGN_STYLE = Automatic;
				CURRENT_PROJECT_VERSION = 1;
				GENERATE_INFOPLIST_FILE = YES;
				INFOPLIST_FILE = SegundoProyecto/Info.plist;
				INFOPLIST_KEY_UIApplicationSupportsIndirectInputEvents = YES;
				INFOPLIST_KEY_UILaunchStoryboardName = LaunchScreen;
				INFOPLIST_KEY_UIMainStoryboardFile = Main;
				INFOPLIST_KEY_UISupportedInterfaceOrientations_iPad = "UIInterfaceOrientationPortrait UIInterfaceOrientationPortraitUpsideDown UIInterfaceOrientationLandscapeLeft UIInterfaceOrientationLandscapeRight";
				INFOPLIST_KEY_UISupportedInterfaceOrientations_iPhone = "UIInterfaceOrientationPortrait UIInterfaceOrientationLandscapeLeft UIInterfaceOrientationLandscapeRight";
				LD_RUNPATH_SEARCH_PATHS = (
					"$(inherited)",
					"@executable_path/Frameworks",
				);
				MARKETING_VERSION = 1.0;
				PRODUCT_BUNDLE_IDENTIFIER = ana.SegundoProyecto;
				PRODUCT_NAME = "$(TARGET_NAME)";
				SWIFT_EMIT_LOC_STRINGS = YES;
				SWIFT_VERSION = 5.0;
				TARGETED_DEVICE_FAMILY = "1,2";
			};
			name = Debug;
		};
		2DF8012329355EB8007F223C /* Release */ = {
			isa = XCBuildConfiguration;
			buildSettings = {
				ASSETCATALOG_COMPILER_APPICON_NAME = AppIcon;
				ASSETCATALOG_COMPILER_GLOBAL_ACCENT_COLOR_NAME = AccentColor;
				CODE_SIGN_STYLE = Automatic;
				CURRENT_PROJECT_VERSION = 1;
				GENERATE_INFOPLIST_FILE = YES;
				INFOPLIST_FILE = SegundoProyecto/Info.plist;
				INFOPLIST_KEY_UIApplicationSupportsIndirectInputEvents = YES;
				INFOPLIST_KEY_UILaunchStoryboardName = LaunchScreen;
				INFOPLIST_KEY_UIMainStoryboardFile = Main;
				INFOPLIST_KEY_UISupportedInterfaceOrientations_iPad = "UIInterfaceOrientationPortrait UIInterfaceOrientationPortraitUpsideDown UIInterfaceOrientationLandscapeLeft UIInterfaceOrientationLandscapeRight";
				INFOPLIST_KEY_UISupportedInterfaceOrientations_iPhone = "UIInterfaceOrientationPortrait UIInterfaceOrientationLandscapeLeft UIInterfaceOrientationLandscapeRight";
				LD_RUNPATH_SEARCH_PATHS = (
					"$(inherited)",
					"@executable_path/Frameworks",
				);
				MARKETING_VERSION = 1.0;
				PRODUCT_BUNDLE_IDENTIFIER = ana.SegundoProyecto;
				PRODUCT_NAME = "$(TARGET_NAME)";
				SWIFT_EMIT_LOC_STRINGS = YES;
				SWIFT_VERSION = 5.0;
				TARGETED_DEVICE_FAMILY = "1,2";
			};
			name = Release;
		};
/* End XCBuildConfiguration section */

/* Begin XCConfigurationList section */
		2DF8010829355EB8007F223C /* Build configuration list for PBXProject "SegundoProyecto" */ = {
			isa = XCConfigurationList;
			buildConfigurations = (
				2DF8011F29355EB8007F223C /* Debug */,
				2DF8012029355EB8007F223C /* Release */,
			);
			defaultConfigurationIsVisible = 0;
			defaultConfigurationName = Release;
		};
		2DF8012129355EB8007F223C /* Build configuration list for PBXNativeTarget "SegundoProyecto" */ = {
			isa = XCConfigurationList;
			buildConfigurations = (
				2DF8012229355EB8007F223C /* Debug */,
				2DF8012329355EB8007F223C /* Release */,
			);
			defaultConfigurationIsVisible = 0;
			defaultConfigurationName = Release;
		};
/* End XCConfigurationList section */
	};
	rootObject = 2DF8010529355EB8007F223C /* Project object */;
}
